
Microsoft Visual Studio Solution File, Format Version 12.00
Project("{FAE04EC0-301F-11D3-BF4B-00C04F79EFBC}") = "Model_Level", "Model_Level\Model_Level.csproj", "{074CC2C0-933A-496C-ADA2-99D9E10653D7}"
EndProject
Project("{FAE04EC0-301F-11D3-BF4B-00C04F79EFBC}") = "Service_level", "Service_level\Service_level.csproj", "{F4D5E5FD-39AE-4AF5-860D-88BD082E724D}"
EndProject
Project("{FAE04EC0-301F-11D3-BF4B-00C04F79EFBC}") = "AwesomApi", "AwesomApi\AwesomApi.csproj", "{C3B9F336-A002-4290-A955-11A45EE24B43}"
EndProject
Project("{FAE04EC0-301F-11D3-BF4B-00C04F79EFBC}") = "TESTS", "TESTS\TESTS.csproj", "{D8FF248C-D5E4-49A6-8C9E-D9BCAC6A4354}"
EndProject
Global
	GlobalSection(SolutionConfigurationPlatforms) = preSolution
		Debug|Any CPU = Debug|Any CPU
		Release|Any CPU = Release|Any CPU
	EndGlobalSection
	GlobalSection(ProjectConfigurationPlatforms) = postSolution
		{074CC2C0-933A-496C-ADA2-99D9E10653D7}.Debug|Any CPU.ActiveCfg = Debug|Any CPU
		{074CC2C0-933A-496C-ADA2-99D9E10653D7}.Debug|Any CPU.Build.0 = Debug|Any CPU
		{074CC2C0-933A-496C-ADA2-99D9E10653D7}.Release|Any CPU.ActiveCfg = Release|Any CPU
		{074CC2C0-933A-496C-ADA2-99D9E10653D7}.Release|Any CPU.Build.0 = Release|Any CPU
		{F4D5E5FD-39AE-4AF5-860D-88BD082E724D}.Debug|Any CPU.ActiveCfg = Debug|Any CPU
		{F4D5E5FD-39AE-4AF5-860D-88BD082E724D}.Debug|Any CPU.Build.0 = Debug|Any CPU
		{F4D5E5FD-39AE-4AF5-860D-88BD082E724D}.Release|Any CPU.ActiveCfg = Release|Any CPU
		{F4D5E5FD-39AE-4AF5-860D-88BD082E724D}.Release|Any CPU.Build.0 = Release|Any CPU
		{C3B9F336-A002-4290-A955-11A45EE24B43}.Debug|Any CPU.ActiveCfg = Debug|Any CPU
		{C3B9F336-A002-4290-A955-11A45EE24B43}.Debug|Any CPU.Build.0 = Debug|Any CPU
		{C3B9F336-A002-4290-A955-11A45EE24B43}.Release|Any CPU.ActiveCfg = Release|Any CPU
		{C3B9F336-A002-4290-A955-11A45EE24B43}.Release|Any CPU.Build.0 = Release|Any CPU
		{D8FF248C-D5E4-49A6-8C9E-D9BCAC6A4354}.Debug|Any CPU.ActiveCfg = Debug|Any CPU
		{D8FF248C-D5E4-49A6-8C9E-D9BCAC6A4354}.Debug|Any CPU.Build.0 = Debug|Any CPU
		{D8FF248C-D5E4-49A6-8C9E-D9BCAC6A4354}.Release|Any CPU.ActiveCfg = Release|Any CPU
		{D8FF248C-D5E4-49A6-8C9E-D9BCAC6A4354}.Release|Any CPU.Build.0 = Release|Any CPU
	EndGlobalSection
EndGlobal
